
Microsoft Visual Studio Solution File, Format Version 12.00
# Visual Studio 2013
VisualStudioVersion = 12.0.40629.0
MinimumVisualStudioVersion = 10.0.40219.1
Project("{2150E333-8FDC-42A3-9474-1A3956D46DE8}") = "Clients", "Clients", "{99FC36D3-D963-4263-BF69-8BD11F801E2B}"
EndProject
Project("{2150E333-8FDC-42A3-9474-1A3956D46DE8}") = "Data", "Data", "{8103CD5B-2A92-401C-A854-A31E0FD44DE6}"
EndProject
Project("{2150E333-8FDC-42A3-9474-1A3956D46DE8}") = "Services", "Services", "{A5398FDD-2BE7-452F-9808-E5D3C5B58CC3}"
EndProject
Project("{FAE04EC0-301F-11D3-BF4B-00C04F79EFBC}") = "VoteSystem.Clients.MVC", "src\Clients\VoteSystem.Web\VoteSystem.Clients.MVC.csproj", "{67CC40FF-4933-4F83-810E-357E6BC8B973}"
EndProject
Project("{FAE04EC0-301F-11D3-BF4B-00C04F79EFBC}") = "VoteSystem.Data", "src\Data\VoteSystem.Data\VoteSystem.Data.csproj", "{398E47FA-CD30-4EA7-84FF-FE27EF94343C}"
EndProject
Project("{FAE04EC0-301F-11D3-BF4B-00C04F79EFBC}") = "VoteSystem.Data.Models", "src\Data\VoteSystem.Models\VoteSystem.Data.Models.csproj", "{82CB736C-95EF-42AB-9D42-E6210DF6D20D}"
EndProject
Project("{FAE04EC0-301F-11D3-BF4B-00C04F79EFBC}") = "VoteSystem.Data.Common", "src\Data\VoteSystem.Data.Common\VoteSystem.Data.Common.csproj", "{8E44BC26-9E2D-4796-86F0-1D9BFBA8598D}"
EndProject
Project("{FAE04EC0-301F-11D3-BF4B-00C04F79EFBC}") = "VoteSystem.Services.Data", "src\Services\VoteSystem.Services.Data\VoteSystem.Services.Data.csproj", "{960E22E8-F9EE-4067-8CC6-F6C1950FBD18}"
EndProject
Project("{FAE04EC0-301F-11D3-BF4B-00C04F79EFBC}") = "VoteSystem.Services.Web", "src\Services\VoteSystem.Services.Web\VoteSystem.Services.Web.csproj", "{987BB8B6-3320-4A56-BF9F-A2BC56F6D5DB}"
EndProject
Project("{FAE04EC0-301F-11D3-BF4B-00C04F79EFBC}") = "VoteSystem.Services.Web.Tests", "test\VoteSystem.Services.Web.Tests\VoteSystem.Services.Web.Tests.csproj", "{EBFDB942-73AF-4A97-8909-96308BF54649}"
EndProject
Project("{FAE04EC0-301F-11D3-BF4B-00C04F79EFBC}") = "VoteSystem.Web.Routes.Tests", "test\VoteSystem.Web.Routes.Tests\VoteSystem.Web.Routes.Tests.csproj", "{BAADB80A-A13C-403B-AD11-8B1680415890}"
EndProject
Project("{FAE04EC0-301F-11D3-BF4B-00C04F79EFBC}") = "VoteSystem.Common", "src\VoteSystem.Common\VoteSystem.Common.csproj", "{03D917CF-26EA-4727-9EEE-12635CD7BFB7}"
EndProject
Project("{FAE04EC0-301F-11D3-BF4B-00C04F79EFBC}") = "VoteSystem.Services.Data.Tests", "test\VoteSystem.Services.Data.Tests\VoteSystem.Services.Data.Tests.csproj", "{4C7DB21F-1F1D-404F-B66E-E4BEDF0275C7}"
EndProject
Project("{FAE04EC0-301F-11D3-BF4B-00C04F79EFBC}") = "VoteSystem.Web.Controllers.Tests", "test\VoteSystem.Web.Controllers.Tests\VoteSystem.Web.Controllers.Tests.csproj", "{1EE34F89-872A-4570-B669-1885DFB8FFB1}"
EndProject
Project("{FAE04EC0-301F-11D3-BF4B-00C04F79EFBC}") = "CIDependencies", "ci-dependencies\CIDependencies.csproj", "{F2DCF880-B3B6-4CE8-9B39-986957372011}"
EndProject
Project("{2150E333-8FDC-42A3-9474-1A3956D46DE8}") = "src", "src", "{60BD349B-1F06-46FD-B2A1-7F0367126AF4}"
EndProject
Project("{2150E333-8FDC-42A3-9474-1A3956D46DE8}") = "test", "test", "{DF6EC6DD-0407-4407-AE1A-889FEA57320E}"
EndProject
Project("{2150E333-8FDC-42A3-9474-1A3956D46DE8}") = "ci-dependencies", "ci-dependencies", "{9CCBA71E-9C76-4F97-B862-BB9BC856F680}"
EndProject
Project("{2150E333-8FDC-42A3-9474-1A3956D46DE8}") = ".nuget", ".nuget", "{EF29E430-8421-4279-91DE-5AF5A338A75C}"
	ProjectSection(SolutionItems) = preProject
		.nuget\packages.config = .nuget\packages.config
	EndProjectSection
EndProject
Global
	GlobalSection(SolutionConfigurationPlatforms) = preSolution
		Debug|Any CPU = Debug|Any CPU
		Release|Any CPU = Release|Any CPU
	EndGlobalSection
	GlobalSection(ProjectConfigurationPlatforms) = postSolution
		{67CC40FF-4933-4F83-810E-357E6BC8B973}.Debug|Any CPU.ActiveCfg = Debug|Any CPU
		{67CC40FF-4933-4F83-810E-357E6BC8B973}.Debug|Any CPU.Build.0 = Debug|Any CPU
		{67CC40FF-4933-4F83-810E-357E6BC8B973}.Release|Any CPU.ActiveCfg = Release|Any CPU
		{67CC40FF-4933-4F83-810E-357E6BC8B973}.Release|Any CPU.Build.0 = Release|Any CPU
		{398E47FA-CD30-4EA7-84FF-FE27EF94343C}.Debug|Any CPU.ActiveCfg = Debug|Any CPU
		{398E47FA-CD30-4EA7-84FF-FE27EF94343C}.Debug|Any CPU.Build.0 = Debug|Any CPU
		{398E47FA-CD30-4EA7-84FF-FE27EF94343C}.Release|Any CPU.ActiveCfg = Release|Any CPU
		{398E47FA-CD30-4EA7-84FF-FE27EF94343C}.Release|Any CPU.Build.0 = Release|Any CPU
		{82CB736C-95EF-42AB-9D42-E6210DF6D20D}.Debug|Any CPU.ActiveCfg = Debug|Any CPU
		{82CB736C-95EF-42AB-9D42-E6210DF6D20D}.Debug|Any CPU.Build.0 = Debug|Any CPU
		{82CB736C-95EF-42AB-9D42-E6210DF6D20D}.Release|Any CPU.ActiveCfg = Release|Any CPU
		{82CB736C-95EF-42AB-9D42-E6210DF6D20D}.Release|Any CPU.Build.0 = Release|Any CPU
		{8E44BC26-9E2D-4796-86F0-1D9BFBA8598D}.Debug|Any CPU.ActiveCfg = Debug|Any CPU
		{8E44BC26-9E2D-4796-86F0-1D9BFBA8598D}.Debug|Any CPU.Build.0 = Debug|Any CPU
		{8E44BC26-9E2D-4796-86F0-1D9BFBA8598D}.Release|Any CPU.ActiveCfg = Release|Any CPU
		{8E44BC26-9E2D-4796-86F0-1D9BFBA8598D}.Release|Any CPU.Build.0 = Release|Any CPU
		{960E22E8-F9EE-4067-8CC6-F6C1950FBD18}.Debug|Any CPU.ActiveCfg = Debug|Any CPU
		{960E22E8-F9EE-4067-8CC6-F6C1950FBD18}.Debug|Any CPU.Build.0 = Debug|Any CPU
		{960E22E8-F9EE-4067-8CC6-F6C1950FBD18}.Release|Any CPU.ActiveCfg = Release|Any CPU
		{960E22E8-F9EE-4067-8CC6-F6C1950FBD18}.Release|Any CPU.Build.0 = Release|Any CPU
		{987BB8B6-3320-4A56-BF9F-A2BC56F6D5DB}.Debug|Any CPU.ActiveCfg = Debug|Any CPU
		{987BB8B6-3320-4A56-BF9F-A2BC56F6D5DB}.Debug|Any CPU.Build.0 = Debug|Any CPU
		{987BB8B6-3320-4A56-BF9F-A2BC56F6D5DB}.Release|Any CPU.ActiveCfg = Release|Any CPU
		{987BB8B6-3320-4A56-BF9F-A2BC56F6D5DB}.Release|Any CPU.Build.0 = Release|Any CPU
		{EBFDB942-73AF-4A97-8909-96308BF54649}.Debug|Any CPU.ActiveCfg = Debug|Any CPU
		{EBFDB942-73AF-4A97-8909-96308BF54649}.Debug|Any CPU.Build.0 = Debug|Any CPU
		{EBFDB942-73AF-4A97-8909-96308BF54649}.Release|Any CPU.ActiveCfg = Release|Any CPU
		{EBFDB942-73AF-4A97-8909-96308BF54649}.Release|Any CPU.Build.0 = Release|Any CPU
		{BAADB80A-A13C-403B-AD11-8B1680415890}.Debug|Any CPU.ActiveCfg = Debug|Any CPU
		{BAADB80A-A13C-403B-AD11-8B1680415890}.Debug|Any CPU.Build.0 = Debug|Any CPU
		{BAADB80A-A13C-403B-AD11-8B1680415890}.Release|Any CPU.ActiveCfg = Release|Any CPU
		{BAADB80A-A13C-403B-AD11-8B1680415890}.Release|Any CPU.Build.0 = Release|Any CPU
		{03D917CF-26EA-4727-9EEE-12635CD7BFB7}.Debug|Any CPU.ActiveCfg = Debug|Any CPU
		{03D917CF-26EA-4727-9EEE-12635CD7BFB7}.Debug|Any CPU.Build.0 = Debug|Any CPU
		{03D917CF-26EA-4727-9EEE-12635CD7BFB7}.Release|Any CPU.ActiveCfg = Release|Any CPU
		{03D917CF-26EA-4727-9EEE-12635CD7BFB7}.Release|Any CPU.Build.0 = Release|Any CPU
		{4C7DB21F-1F1D-404F-B66E-E4BEDF0275C7}.Debug|Any CPU.ActiveCfg = Debug|Any CPU
		{4C7DB21F-1F1D-404F-B66E-E4BEDF0275C7}.Debug|Any CPU.Build.0 = Debug|Any CPU
		{4C7DB21F-1F1D-404F-B66E-E4BEDF0275C7}.Release|Any CPU.ActiveCfg = Release|Any CPU
		{4C7DB21F-1F1D-404F-B66E-E4BEDF0275C7}.Release|Any CPU.Build.0 = Release|Any CPU
		{1EE34F89-872A-4570-B669-1885DFB8FFB1}.Debug|Any CPU.ActiveCfg = Debug|Any CPU
		{1EE34F89-872A-4570-B669-1885DFB8FFB1}.Debug|Any CPU.Build.0 = Debug|Any CPU
		{1EE34F89-872A-4570-B669-1885DFB8FFB1}.Release|Any CPU.ActiveCfg = Release|Any CPU
		{1EE34F89-872A-4570-B669-1885DFB8FFB1}.Release|Any CPU.Build.0 = Release|Any CPU
		{F2DCF880-B3B6-4CE8-9B39-986957372011}.Debug|Any CPU.ActiveCfg = Debug|Any CPU
		{F2DCF880-B3B6-4CE8-9B39-986957372011}.Debug|Any CPU.Build.0 = Debug|Any CPU
		{F2DCF880-B3B6-4CE8-9B39-986957372011}.Release|Any CPU.ActiveCfg = Release|Any CPU
		{F2DCF880-B3B6-4CE8-9B39-986957372011}.Release|Any CPU.Build.0 = Release|Any CPU
	EndGlobalSection
	GlobalSection(SolutionProperties) = preSolution
		HideSolutionNode = FALSE
	EndGlobalSection
	GlobalSection(NestedProjects) = preSolution
		{99FC36D3-D963-4263-BF69-8BD11F801E2B} = {60BD349B-1F06-46FD-B2A1-7F0367126AF4}
		{8103CD5B-2A92-401C-A854-A31E0FD44DE6} = {60BD349B-1F06-46FD-B2A1-7F0367126AF4}
		{A5398FDD-2BE7-452F-9808-E5D3C5B58CC3} = {60BD349B-1F06-46FD-B2A1-7F0367126AF4}
		{67CC40FF-4933-4F83-810E-357E6BC8B973} = {99FC36D3-D963-4263-BF69-8BD11F801E2B}
		{398E47FA-CD30-4EA7-84FF-FE27EF94343C} = {8103CD5B-2A92-401C-A854-A31E0FD44DE6}
		{82CB736C-95EF-42AB-9D42-E6210DF6D20D} = {8103CD5B-2A92-401C-A854-A31E0FD44DE6}
		{8E44BC26-9E2D-4796-86F0-1D9BFBA8598D} = {8103CD5B-2A92-401C-A854-A31E0FD44DE6}
		{960E22E8-F9EE-4067-8CC6-F6C1950FBD18} = {A5398FDD-2BE7-452F-9808-E5D3C5B58CC3}
		{987BB8B6-3320-4A56-BF9F-A2BC56F6D5DB} = {A5398FDD-2BE7-452F-9808-E5D3C5B58CC3}
		{EBFDB942-73AF-4A97-8909-96308BF54649} = {DF6EC6DD-0407-4407-AE1A-889FEA57320E}
		{BAADB80A-A13C-403B-AD11-8B1680415890} = {DF6EC6DD-0407-4407-AE1A-889FEA57320E}
		{03D917CF-26EA-4727-9EEE-12635CD7BFB7} = {60BD349B-1F06-46FD-B2A1-7F0367126AF4}
		{4C7DB21F-1F1D-404F-B66E-E4BEDF0275C7} = {DF6EC6DD-0407-4407-AE1A-889FEA57320E}
		{1EE34F89-872A-4570-B669-1885DFB8FFB1} = {DF6EC6DD-0407-4407-AE1A-889FEA57320E}
		{F2DCF880-B3B6-4CE8-9B39-986957372011} = {9CCBA71E-9C76-4F97-B862-BB9BC856F680}
	EndGlobalSection
EndGlobal
