
Microsoft Visual Studio Solution File, Format Version 12.00
# Visual Studio 14
VisualStudioVersion = 14.0.25420.1
MinimumVisualStudioVersion = 10.0.40219.1
Project("{2150E333-8FDC-42A3-9474-1A3956D46DE8}") = "Web", "Web", "{99FC36D3-D963-4263-BF69-8BD11F801E2B}"
EndProject
Project("{2150E333-8FDC-42A3-9474-1A3956D46DE8}") = "Tests", "Tests", "{0C12FAF3-85BC-43E1-ABB2-6799213942CB}"
EndProject
Project("{2150E333-8FDC-42A3-9474-1A3956D46DE8}") = "Data", "Data", "{8103CD5B-2A92-401C-A854-A31E0FD44DE6}"
EndProject
Project("{2150E333-8FDC-42A3-9474-1A3956D46DE8}") = "Services", "Services", "{A5398FDD-2BE7-452F-9808-E5D3C5B58CC3}"
EndProject
Project("{FAE04EC0-301F-11D3-BF4B-00C04F79EFBC}") = "VoteSystem.Web", "Web\VoteSystem.Web\VoteSystem.Web.csproj", "{67CC40FF-4933-4F83-810E-357E6BC8B973}"
EndProject
Project("{FAE04EC0-301F-11D3-BF4B-00C04F79EFBC}") = "VoteSystem.Data", "Data\VoteSystem.Data\VoteSystem.Data.csproj", "{398E47FA-CD30-4EA7-84FF-FE27EF94343C}"
EndProject
Project("{FAE04EC0-301F-11D3-BF4B-00C04F79EFBC}") = "VoteSystem.Data.Models", "Data\VoteSystem.Models\VoteSystem.Data.Models.csproj", "{82CB736C-95EF-42AB-9D42-E6210DF6D20D}"
EndProject
Project("{FAE04EC0-301F-11D3-BF4B-00C04F79EFBC}") = "VoteSystem.Data.Common", "Data\VoteSystem.Data.Common\VoteSystem.Data.Common.csproj", "{8E44BC26-9E2D-4796-86F0-1D9BFBA8598D}"
EndProject
Project("{FAE04EC0-301F-11D3-BF4B-00C04F79EFBC}") = "VoteSystem.Services.Data", "Services\VoteSystem.Services.Data\VoteSystem.Services.Data.csproj", "{960E22E8-F9EE-4067-8CC6-F6C1950FBD18}"
EndProject
Project("{FAE04EC0-301F-11D3-BF4B-00C04F79EFBC}") = "VoteSystem.Web.Infrastructure", "Web\VoteSystem.Web.Infrastructure\VoteSystem.Web.Infrastructure.csproj", "{0653B67B-D6C6-4C6A-A3F3-64BDD670C958}"
EndProject
Project("{FAE04EC0-301F-11D3-BF4B-00C04F79EFBC}") = "VoteSystem.Services.Web", "Services\VoteSystem.Services.Web\VoteSystem.Services.Web.csproj", "{987BB8B6-3320-4A56-BF9F-A2BC56F6D5DB}"
EndProject
Project("{FAE04EC0-301F-11D3-BF4B-00C04F79EFBC}") = "VoteSystem.Services.Web.Tests", "Tests\VoteSystem.Services.Web.Tests\VoteSystem.Services.Web.Tests.csproj", "{EBFDB942-73AF-4A97-8909-96308BF54649}"
EndProject
Project("{FAE04EC0-301F-11D3-BF4B-00C04F79EFBC}") = "VoteSystem.Web.Routes.Tests", "Tests\VoteSystem.Web.Routes.Tests\VoteSystem.Web.Routes.Tests.csproj", "{BAADB80A-A13C-403B-AD11-8B1680415890}"
EndProject
Project("{FAE04EC0-301F-11D3-BF4B-00C04F79EFBC}") = "VoteSystem.Common", "VoteSystem.Common\VoteSystem.Common.csproj", "{03D917CF-26EA-4727-9EEE-12635CD7BFB7}"
EndProject
Project("{FAE04EC0-301F-11D3-BF4B-00C04F79EFBC}") = "VoteSystem.Services.Data.Tests", "Tests\VoteSystem.Services.Data.Tests\VoteSystem.Services.Data.Tests.csproj", "{4C7DB21F-1F1D-404F-B66E-E4BEDF0275C7}"
EndProject
Project("{FAE04EC0-301F-11D3-BF4B-00C04F79EFBC}") = "VoteSystem.Web.Controllers.Tests", "Tests\VoteSystem.Web.Controllers.Tests\VoteSystem.Web.Controllers.Tests.csproj", "{1EE34F89-872A-4570-B669-1885DFB8FFB1}"
EndProject
Global
	GlobalSection(SolutionConfigurationPlatforms) = preSolution
		Debug|Any CPU = Debug|Any CPU
		Release|Any CPU = Release|Any CPU
	EndGlobalSection
	GlobalSection(ProjectConfigurationPlatforms) = postSolution
		{67CC40FF-4933-4F83-810E-357E6BC8B973}.Debug|Any CPU.ActiveCfg = Debug|Any CPU
		{67CC40FF-4933-4F83-810E-357E6BC8B973}.Debug|Any CPU.Build.0 = Debug|Any CPU
		{67CC40FF-4933-4F83-810E-357E6BC8B973}.Release|Any CPU.ActiveCfg = Release|Any CPU
		{67CC40FF-4933-4F83-810E-357E6BC8B973}.Release|Any CPU.Build.0 = Release|Any CPU
		{398E47FA-CD30-4EA7-84FF-FE27EF94343C}.Debug|Any CPU.ActiveCfg = Debug|Any CPU
		{398E47FA-CD30-4EA7-84FF-FE27EF94343C}.Debug|Any CPU.Build.0 = Debug|Any CPU
		{398E47FA-CD30-4EA7-84FF-FE27EF94343C}.Release|Any CPU.ActiveCfg = Release|Any CPU
		{398E47FA-CD30-4EA7-84FF-FE27EF94343C}.Release|Any CPU.Build.0 = Release|Any CPU
		{82CB736C-95EF-42AB-9D42-E6210DF6D20D}.Debug|Any CPU.ActiveCfg = Debug|Any CPU
		{82CB736C-95EF-42AB-9D42-E6210DF6D20D}.Debug|Any CPU.Build.0 = Debug|Any CPU
		{82CB736C-95EF-42AB-9D42-E6210DF6D20D}.Release|Any CPU.ActiveCfg = Release|Any CPU
		{82CB736C-95EF-42AB-9D42-E6210DF6D20D}.Release|Any CPU.Build.0 = Release|Any CPU
		{8E44BC26-9E2D-4796-86F0-1D9BFBA8598D}.Debug|Any CPU.ActiveCfg = Debug|Any CPU
		{8E44BC26-9E2D-4796-86F0-1D9BFBA8598D}.Debug|Any CPU.Build.0 = Debug|Any CPU
		{8E44BC26-9E2D-4796-86F0-1D9BFBA8598D}.Release|Any CPU.ActiveCfg = Release|Any CPU
		{8E44BC26-9E2D-4796-86F0-1D9BFBA8598D}.Release|Any CPU.Build.0 = Release|Any CPU
		{960E22E8-F9EE-4067-8CC6-F6C1950FBD18}.Debug|Any CPU.ActiveCfg = Debug|Any CPU
		{960E22E8-F9EE-4067-8CC6-F6C1950FBD18}.Debug|Any CPU.Build.0 = Debug|Any CPU
		{960E22E8-F9EE-4067-8CC6-F6C1950FBD18}.Release|Any CPU.ActiveCfg = Release|Any CPU
		{960E22E8-F9EE-4067-8CC6-F6C1950FBD18}.Release|Any CPU.Build.0 = Release|Any CPU
		{0653B67B-D6C6-4C6A-A3F3-64BDD670C958}.Debug|Any CPU.ActiveCfg = Debug|Any CPU
		{0653B67B-D6C6-4C6A-A3F3-64BDD670C958}.Debug|Any CPU.Build.0 = Debug|Any CPU
		{0653B67B-D6C6-4C6A-A3F3-64BDD670C958}.Release|Any CPU.ActiveCfg = Release|Any CPU
		{0653B67B-D6C6-4C6A-A3F3-64BDD670C958}.Release|Any CPU.Build.0 = Release|Any CPU
		{987BB8B6-3320-4A56-BF9F-A2BC56F6D5DB}.Debug|Any CPU.ActiveCfg = Debug|Any CPU
		{987BB8B6-3320-4A56-BF9F-A2BC56F6D5DB}.Debug|Any CPU.Build.0 = Debug|Any CPU
		{987BB8B6-3320-4A56-BF9F-A2BC56F6D5DB}.Release|Any CPU.ActiveCfg = Release|Any CPU
		{987BB8B6-3320-4A56-BF9F-A2BC56F6D5DB}.Release|Any CPU.Build.0 = Release|Any CPU
		{EBFDB942-73AF-4A97-8909-96308BF54649}.Debug|Any CPU.ActiveCfg = Debug|Any CPU
		{EBFDB942-73AF-4A97-8909-96308BF54649}.Debug|Any CPU.Build.0 = Debug|Any CPU
		{EBFDB942-73AF-4A97-8909-96308BF54649}.Release|Any CPU.ActiveCfg = Release|Any CPU
		{EBFDB942-73AF-4A97-8909-96308BF54649}.Release|Any CPU.Build.0 = Release|Any CPU
		{BAADB80A-A13C-403B-AD11-8B1680415890}.Debug|Any CPU.ActiveCfg = Debug|Any CPU
		{BAADB80A-A13C-403B-AD11-8B1680415890}.Debug|Any CPU.Build.0 = Debug|Any CPU
		{BAADB80A-A13C-403B-AD11-8B1680415890}.Release|Any CPU.ActiveCfg = Release|Any CPU
		{BAADB80A-A13C-403B-AD11-8B1680415890}.Release|Any CPU.Build.0 = Release|Any CPU
		{03D917CF-26EA-4727-9EEE-12635CD7BFB7}.Debug|Any CPU.ActiveCfg = Debug|Any CPU
		{03D917CF-26EA-4727-9EEE-12635CD7BFB7}.Debug|Any CPU.Build.0 = Debug|Any CPU
		{03D917CF-26EA-4727-9EEE-12635CD7BFB7}.Release|Any CPU.ActiveCfg = Release|Any CPU
		{03D917CF-26EA-4727-9EEE-12635CD7BFB7}.Release|Any CPU.Build.0 = Release|Any CPU
		{4C7DB21F-1F1D-404F-B66E-E4BEDF0275C7}.Debug|Any CPU.ActiveCfg = Debug|Any CPU
		{4C7DB21F-1F1D-404F-B66E-E4BEDF0275C7}.Debug|Any CPU.Build.0 = Debug|Any CPU
		{4C7DB21F-1F1D-404F-B66E-E4BEDF0275C7}.Release|Any CPU.ActiveCfg = Release|Any CPU
		{4C7DB21F-1F1D-404F-B66E-E4BEDF0275C7}.Release|Any CPU.Build.0 = Release|Any CPU
		{1EE34F89-872A-4570-B669-1885DFB8FFB1}.Debug|Any CPU.ActiveCfg = Debug|Any CPU
		{1EE34F89-872A-4570-B669-1885DFB8FFB1}.Debug|Any CPU.Build.0 = Debug|Any CPU
		{1EE34F89-872A-4570-B669-1885DFB8FFB1}.Release|Any CPU.ActiveCfg = Release|Any CPU
		{1EE34F89-872A-4570-B669-1885DFB8FFB1}.Release|Any CPU.Build.0 = Release|Any CPU
	EndGlobalSection
	GlobalSection(SolutionProperties) = preSolution
		HideSolutionNode = FALSE
	EndGlobalSection
	GlobalSection(NestedProjects) = preSolution
		{67CC40FF-4933-4F83-810E-357E6BC8B973} = {99FC36D3-D963-4263-BF69-8BD11F801E2B}
		{398E47FA-CD30-4EA7-84FF-FE27EF94343C} = {8103CD5B-2A92-401C-A854-A31E0FD44DE6}
		{82CB736C-95EF-42AB-9D42-E6210DF6D20D} = {8103CD5B-2A92-401C-A854-A31E0FD44DE6}
		{8E44BC26-9E2D-4796-86F0-1D9BFBA8598D} = {8103CD5B-2A92-401C-A854-A31E0FD44DE6}
		{960E22E8-F9EE-4067-8CC6-F6C1950FBD18} = {A5398FDD-2BE7-452F-9808-E5D3C5B58CC3}
		{0653B67B-D6C6-4C6A-A3F3-64BDD670C958} = {99FC36D3-D963-4263-BF69-8BD11F801E2B}
		{987BB8B6-3320-4A56-BF9F-A2BC56F6D5DB} = {A5398FDD-2BE7-452F-9808-E5D3C5B58CC3}
		{EBFDB942-73AF-4A97-8909-96308BF54649} = {0C12FAF3-85BC-43E1-ABB2-6799213942CB}
		{BAADB80A-A13C-403B-AD11-8B1680415890} = {0C12FAF3-85BC-43E1-ABB2-6799213942CB}
		{4C7DB21F-1F1D-404F-B66E-E4BEDF0275C7} = {0C12FAF3-85BC-43E1-ABB2-6799213942CB}
		{1EE34F89-872A-4570-B669-1885DFB8FFB1} = {0C12FAF3-85BC-43E1-ABB2-6799213942CB}
	EndGlobalSection
EndGlobal
